
Microsoft Visual Studio Solution File, Format Version 12.00
# Visual Studio Version 16
VisualStudioVersion = 16.0.30621.155
MinimumVisualStudioVersion = 10.0.40219.1
Project("{888888A0-9F3D-457C-B088-3A5042F75D52}") = "A_keisling_PyBottle", "A_keisling_PyBottle.pyproj", "{79FBB2CC-2CD4-4FE1-ABC9-884B6EB65B0F}"
EndProject
Global
	GlobalSection(SolutionConfigurationPlatforms) = preSolution
		Debug|Any CPU = Debug|Any CPU
		Release|Any CPU = Release|Any CPU
	EndGlobalSection
	GlobalSection(ProjectConfigurationPlatforms) = postSolution
		{79FBB2CC-2CD4-4FE1-ABC9-884B6EB65B0F}.Debug|Any CPU.ActiveCfg = Debug|Any CPU
		{79FBB2CC-2CD4-4FE1-ABC9-884B6EB65B0F}.Debug|Any CPU.Build.0 = Debug|Any CPU
		{79FBB2CC-2CD4-4FE1-ABC9-884B6EB65B0F}.Release|Any CPU.ActiveCfg = Release|Any CPU
		{79FBB2CC-2CD4-4FE1-ABC9-884B6EB65B0F}.Release|Any CPU.Build.0 = Release|Any CPU
	EndGlobalSection
	GlobalSection(SolutionProperties) = preSolution
		HideSolutionNode = FALSE
	EndGlobalSection
	GlobalSection(ExtensibilityGlobals) = postSolution
		SolutionGuid = {1BF58AD7-8844-4FF6-9541-EFE26D1F6987}
	EndGlobalSection
EndGlobal
